{
    "_readme": [
        "This file locks the dependencies of your project to a known state",
        "Read more about it at https://getcomposer.org/doc/01-basic-usage.md#composer-lock-the-lock-file",
        "This file is @generated automatically"
    ],
    "content-hash": "0cc2e0bb0292bdc958779794b6326fa8",
    "packages": [
        {
            "name": "ccxt/ccxt",
            "version": "1.10.421",
            "source": {
                "type": "git",
                "url": "https://github.com/ccxt/ccxt.git",
                "reference": "fce88eb24259c94c2fc8620a6b79c48c149a0008"
            },
            "dist": {
                "type": "zip",
                "url": "https://api.github.com/repos/ccxt/ccxt/zipball/fce88eb24259c94c2fc8620a6b79c48c149a0008",
                "reference": "fce88eb24259c94c2fc8620a6b79c48c149a0008",
                "shasum": ""
            },
            "require": {
                "php": ">=5.3.0"
            },
            "type": "library",
            "autoload": {
                "psr-4": {
                    "ccxt\\": "php"
                }
            },
            "notification-url": "https://packagist.org/downloads/",
            "license": [
                "MIT"
            ],
            "authors": [
                {
                    "name": "Igor Kroitor",
                    "email": "igor.kroitor@gmail.com",
                    "homepage": "https://github.com/kroitor",
                    "role": "Developer"
                },
                {
                    "name": "Vitaly Gordon",
                    "email": "rocket.mind@gmail.com",
                    "homepage": "https://github.com/xpl",
                    "role": "Developer"
                }
            ],
            "description": "A JavaScript / Python / PHP cryptocurrency trading library with support for more than 90 bitcoin/altcoin exchanges",
            "homepage": "https://github.com/ccxt/ccxt",
            "keywords": [
                "1BTCXE",
                "1Broker",
                "ACX",
                "ANX",
                "ANXPro",
                "BL3P",
                "BTC Markets",
                "BTC Trade UA",
                "BTCC",
                "BTCChina",
                "BTCExchange",
                "BTCTrader",
                "BTCTurk",
                "BTCX",
                "BX.in.th",
                "Bit2C",
                "BitBay",
                "BitBays",
                "BitMEX",
                "BitMarket",
                "Bitcoin.co.id",
                "Bleutrade",
                "BlinkTrade",
                "BtcBox",
                "Bter.com",
                "C-CEX",
                "CEX.IO",
                "CHBTC",
                "CNY",
                "ChileBit",
                "CoinMate",
                "CoinSpot",
                "Coinsecure",
                "Crypto Capital",
                "Cryptopia",
                "DOGE",
                "EUR",
                "EXMO",
                "FYB-SE",
                "FYB-SG",
                "FoxBit",
                "Gatecoin",
                "Gemini",
                "Huobi",
                "HuobiPRO",
                "LakeBTC",
                "Liqui",
                "LiveCoin",
                "OKCoin",
                "OKCoin.cn",
                "OKCoin.com",
                "OKEX",
                "Paymium",
                "Poloniex",
                "QUOINE",
                "Qryptos",
                "QuadrigaCX",
                "Southxchange",
                "SurBitcoin",
                "TheRockTrading",
                "Tidex",
                "USD",
                "UrduBit",
                "VBTC",
                "Vaultoro",
                "VirWoX",
                "Wex",
                "YoBit",
                "Zaif",
                "acx.io",
                "algorithmic",
                "algotrading",
                "altcoin",
                "altcoins",
                "api",
                "arbitrage",
                "backtest",
                "backtesting",
                "binance",
                "binance.com",
                "bit2c.co.il",
                "bitcoin",
                "bitcoincoid",
                "bitfinex",
                "bitflyer",
                "bitflyer.jp",
                "bithumb",
                "bithumb.com",
                "bitlish",
                "bitso",
                "bitstamp",
                "bittrex",
                "bleutrade.com",
                "bot",
                "btc",
                "btc-e",
                "btc-trade.com.ua",
                "btc-x",
                "btcbox.co.jp",
                "btce",
                "btcexchange.ph",
                "btcmarkets",
                "btcmarkets.net",
                "btctrader.com",
                "btcturk.com",
                "bter",
                "ccex",
                "cex",
                "chilebit.net",
                "coin",
                "coincheck",
                "coingi",
                "coingi.com",
                "coinmarketcap",
                "coins",
                "coinspot.com.au",
                "crypto",
                "crypto currency",
                "crypto market",
                "cryptocapital.co",
                "cryptocurrency",
                "cryptopia.co.nz",
                "currencies",
                "currency",
                "darkcoin",
                "dash",
                "digital currency",
                "dogecoin",
                "dsx",
                "dsx.uk",
                "e-commerce",
                "etc",
                "eth",
                "ether",
                "ethereum",
                "exchange",
                "exchanges",
                "flowBTC",
                "flowbtc.com",
                "foxbit.exchange",
                "framework",
                "gdax",
                "hitbtc",
                "huobi.pro",
                "independent reserve",
                "independentreserve.com",
                "invest",
                "investing",
                "investor",
                "itBit",
                "jubi.com",
                "kraken",
                "lakebtc.com",
                "library",
                "light",
                "liqui.io",
                "litecoin",
                "ltc",
                "luno",
                "market",
                "market data",
                "markets",
                "mercado",
                "mercadobitcoin",
                "mercadobitcoin.br",
                "merchandise",
                "merchant",
                "minimal",
                "mixcoins",
                "mixcoins.com",
                "nova",
                "novaexchange",
                "novaexchange.com",
                "okex.com",
                "order",
                "order book",
                "orderbook",
                "price",
                "price data",
                "pricefeed",
                "private",
                "public",
                "ripple",
                "strategy",
                "surbitcoin.com",
                "tidex.com",
                "toolkit",
                "trade",
                "trader",
                "trading",
                "urdubit.com",
                "vbtc.exchange",
                "vbtc.vn",
                "volume",
                "wex.nz",
                "xBTCe",
                "xbt",
                "xbtce.com",
                "xrp",
                "yobit.net",
                "yunbi",
                "zec",
                "zerocoin"
            ],
            "time": "2017-12-19T16:46:14+00:00"
        }
    ],
    "packages-dev": [],
    "aliases": [],
    "minimum-stability": "stable",
    "stability-flags": [],
    "prefer-stable": false,
    "prefer-lowest": false,
    "platform": [],
    "platform-dev": []
}
